PODS:
  - JSONKit-NoWarning (1.2)
  - Kiwi (2.4.0)
  - LDSDKManager (0.1.0):
    - LDSDKManager/AlipayPlatform (= 0.1.0)
    - LDSDKManager/CoreService (= 0.1.0)
    - LDSDKManager/QQPlatform (= 0.1.0)
    - LDSDKManager/WechatPlatform (= 0.1.0)
    - LDSDKManager/YixinPlatform (= 0.1.0)
  - LDSDKManager/AlipayPlatform (0.1.0):
    - JSONKit-NoWarning (~> 1.2)
    - LDSDKManager/CoreService
  - LDSDKManager/CoreService (0.1.0)
  - LDSDKManager/QQPlatform (0.1.0):
    - LDSDKManager/CoreService
  - LDSDKManager/WechatPlatform (0.1.0):
    - LDSDKManager/CoreService
  - LDSDKManager/YixinPlatform (0.1.0):
    - LDSDKManager/CoreService

DEPENDENCIES:
  - Kiwi
  - LDSDKManager (from `../`)

EXTERNAL SOURCES:
  LDSDKManager:
    :path: ../

SPEC CHECKSUMS:
  JSONKit-NoWarning: 3d27e6f9e6846ecf741e8c64dcadd7d5aa7193cb
  Kiwi: f49c9d54b28917df5928fe44968a39ed198cb8a8
  LDSDKManager: b78dd8a4ec2e91bfa36d4de21f9bf154752d2c69

COCOAPODS: 0.38.2
